# THIS IS AN AUTOGENERATED FILE. DO NOT EDIT THIS FILE DIRECTLY.
# yarn lockfile v1


"@optimizely/optimizely-sdk@^2.2.0":
  version "2.2.0"
  resolved "https://registry.yarnpkg.com/@optimizely/optimizely-sdk/-/optimizely-sdk-2.2.0.tgz#9ad0e70707049f6f5e35c971f0a43637ede068d0"
  integrity sha512-1+UYORe55T5+6WA1SKhzrbh7/eoWqpkJ6pl66shNihesMpionpXoPIfywuYGgG42hPQZ1gQTmrjqqWPcQTbFkw==
  dependencies:
    json-schema "^0.2.3"
    lodash "^4.0.0"
    murmurhash "0.0.2"
    sprintf-js "^1.1.1"
    uuid "^3.0.1"

json-schema@^0.2.3:
  version "0.2.3"
  resolved "https://registry.yarnpkg.com/json-schema/-/json-schema-0.2.3.tgz#b480c892e59a2f05954ce727bd3f2a4e882f9e13"
  integrity sha1-tIDIkuWaLwWVTOcnvT8qTogvnhM=

lodash@^4.0.0:
  version "4.17.11"
  resolved "https://registry.yarnpkg.com/lodash/-/lodash-4.17.11.tgz#b39ea6229ef607ecd89e2c8df12536891cac9b8d"
  integrity sha512-cQKh8igo5QUhZ7lg38DYWAxMvjSAKG0A8wGSVimP07SIUEK2UO+arSRKbRZWtelMtN5V0Hkwh5ryOto/SshYIg==

murmurhash@0.0.2:
  version "0.0.2"
  resolved "https://registry.yarnpkg.com/murmurhash/-/murmurhash-0.0.2.tgz#6f07bd8a1105e709c26fc89420cb5930c24585fe"
  integrity sha1-bwe9ihEF5wnCb8iUIMtZMMJFhf4=

sprintf-js@^1.1.1:
  version "1.1.1"
  resolved "https://registry.yarnpkg.com/sprintf-js/-/sprintf-js-1.1.1.tgz#36be78320afe5801f6cea3ee78b6e5aab940ea0c"
  integrity sha1-Nr54Mgr+WAH2zqPueLblqrlA6gw=

typescript@^3.1.6:
  version "3.1.6"
  resolved "https://registry.yarnpkg.com/typescript/-/typescript-3.1.6.tgz#b6543a83cfc8c2befb3f4c8fba6896f5b0c9be68"
  integrity sha512-tDMYfVtvpb96msS1lDX9MEdHrW4yOuZ4Kdc4Him9oU796XldPYF/t2+uKoX0BBa0hXXwDlqYQbXY5Rzjzc5hBA==

uuid@^3.0.1:
  version "3.3.2"
  resolved "https://registry.yarnpkg.com/uuid/-/uuid-3.3.2.tgz#1b4af4955eb3077c501c23872fc6513811587131"
  integrity sha512-yXJmeNaw3DnnKAOKJE51sL/ZaYfWJRl1pK9dr19YFCu0ObS231AB1/LbqTKRAQ5kw8A90rA6fr4riOUpTZvQZA==
