{
  "name": "@optimizely/datafile-management",
  "version": "0.0.1",
  "lockfileVersion": 1,
  "requires": true,
  "dependencies": {
    "@optimizely/optimizely-sdk": {
      "version": "3.0.0-rc2",
      "resolved": "https://optimizely.jfrog.io/optimizely/api/npm/npm-local/@optimizely/optimizely-sdk/-/@optimizely/optimizely-sdk-3.0.0-rc2.tgz",
      "integrity": "sha1-DvAHSQPOaXR94uU9JBtXYZ9PLVs=",
      "dev": true,
      "requires": {
        "json-schema": "^0.2.3",
        "lodash": "^4.0.0",
        "murmurhash": "0.0.2",
        "sprintf-js": "^1.1.1",
        "uuid": "^3.3.2"
      }
    },
    "json-schema": {
      "version": "0.2.3",
      "resolved": "https://registry.npmjs.org/json-schema/-/json-schema-0.2.3.tgz",
      "integrity": "sha1-tIDIkuWaLwWVTOcnvT8qTogvnhM=",
      "dev": true
    },
    "lodash": {
      "version": "4.17.11",
      "resolved": "https://registry.npmjs.org/lodash/-/lodash-4.17.11.tgz",
      "integrity": "sha512-cQKh8igo5QUhZ7lg38DYWAxMvjSAKG0A8wGSVimP07SIUEK2UO+arSRKbRZWtelMtN5V0Hkwh5ryOto/SshYIg==",
      "dev": true
    },
    "murmurhash": {
      "version": "0.0.2",
      "resolved": "https://registry.npmjs.org/murmurhash/-/murmurhash-0.0.2.tgz",
      "integrity": "sha1-bwe9ihEF5wnCb8iUIMtZMMJFhf4=",
      "dev": true
    },
    "sprintf-js": {
      "version": "1.1.2",
      "resolved": "https://registry.npmjs.org/sprintf-js/-/sprintf-js-1.1.2.tgz",
      "integrity": "sha512-VE0SOVEHCk7Qc8ulkWw3ntAzXuqf7S2lvwQaDLRnUeIEaKNQJzV6BwmLKhOqT61aGhfUMrXeaBk+oDGCzvhcug==",
      "dev": true
    },
    "typescript": {
      "version": "3.3.3",
      "resolved": "https://registry.npmjs.org/typescript/-/typescript-3.3.3.tgz",
      "integrity": "sha512-Y21Xqe54TBVp+VDSNbuDYdGw0BpoR/Q6wo/+35M8PAU0vipahnyduJWirxxdxjsAkS7hue53x2zp8gz7F05u0A==",
      "dev": true
    },
    "uuid": {
      "version": "3.3.2",
      "resolved": "https://registry.npmjs.org/uuid/-/uuid-3.3.2.tgz",
      "integrity": "sha512-yXJmeNaw3DnnKAOKJE51sL/ZaYfWJRl1pK9dr19YFCu0ObS231AB1/LbqTKRAQ5kw8A90rA6fr4riOUpTZvQZA==",
      "dev": true
    }
  }
}
