{
  "name": "optimizely-sdk-typescript-example",
  "version": "1.0.0",
  "lockfileVersion": 3,
  "requires": true,
  "packages": {
    "": {
      "name": "optimizely-sdk-typescript-example",
      "version": "1.0.0",
      "devDependencies": {
        "@types/node": "^20.0.0",
        "typescript": "^4.7.4"
      }
    },
    "node_modules/@types/node": {
      "version": "20.19.28",
      "dev": true,
      "license": "MIT",
      "dependencies": {
        "undici-types": "~6.21.0"
      }
    },
    "node_modules/typescript": {
      "version": "4.9.5",
      "dev": true,
      "license": "Apache-2.0",
      "bin": {
        "tsc": "bin/tsc",
        "tsserver": "bin/tsserver"
      },
      "engines": {
        "node": ">=4.2.0"
      }
    },
    "node_modules/undici-types": {
      "version": "6.21.0",
      "dev": true,
      "license": "MIT"
    }
  }
}
