{
  "name": "optimizely-sdk-typescript-example",
  "version": "1.0.0",
  "lockfileVersion": 3,
  "requires": true,
  "packages": {
    "": {
      "name": "optimizely-sdk-typescript-example",
      "version": "1.0.0",
      "dependencies": {
        "@optimizely/optimizely-sdk": "file:../../optimizely-optimizely-sdk-6.3.0.tgz"
      },
      "devDependencies": {
        "@types/node": "^20.0.0",
        "typescript": "^4.7.4"
      }
    },
    "..": {
      "name": "@optimizely/optimizely-sdk",
      "version": "6.3.0",
      "extraneous": true,
      "license": "Apache-2.0",
      "dependencies": {
        "decompress-response": "^7.0.0",
        "json-schema": "^0.4.0",
        "murmurhash": "^2.0.1",
        "uuid": "^10.0.0"
      },
      "devDependencies": {
        "@react-native-async-storage/async-storage": "^2",
        "@react-native-community/netinfo": "^11.3.2",
        "@rollup/plugin-alias": "^6.0.0",
        "@rollup/plugin-commonjs": "^29.0.0",
        "@rollup/plugin-node-resolve": "^16.0.3",
        "@rollup/plugin-terser": "^0.4.4",
        "@types/chai": "^4.2.11",
        "@types/mocha": "^5.2.7",
        "@types/nise": "^1.4.0",
        "@types/node": "^18.7.18",
        "@types/ua-parser-js": "^0.7.36",
        "@types/uuid": "^10.0.0",
        "@typescript-eslint/eslint-plugin": "^5.33.0",
        "@typescript-eslint/parser": "^5.33.0",
        "@vitest/browser": "3.2.4",
        "chai": "^4.2.0",
        "coveralls-next": "^5.0.0",
        "eslint": "^8.21.0",
        "eslint-config-prettier": "^6.10.0",
        "eslint-plugin-local-rules": "^3.0.2",
        "eslint-plugin-prettier": "^3.1.2",
        "happy-dom": "^20.0.11",
        "jiti": "^2.4.1",
        "karma": "^6.4.0",
        "karma-browserstack-launcher": "^1.5.1",
        "karma-chai": "^0.1.0",
        "karma-chrome-launcher": "^2.1.1",
        "karma-mocha": "^2.0.1",
        "karma-webpack": "^5.0.1",
        "lodash": "^4.17.11",
        "minimatch": "^9.0.5",
        "mocha": "^10.2.0",
        "mocha-lcov-reporter": "^1.3.0",
        "nise": "^6.1.1",
        "nock": "11.9.1",
        "nyc": "^15.0.1",
        "prettier": "^1.19.1",
        "promise-polyfill": "8.1.0",
        "rollup": "^4.55.1",
        "sinon": "^2.3.1",
        "ts-loader": "^9.3.1",
        "ts-node": "^8.10.2",
        "tsconfig-paths": "^4.2.0",
        "tslib": "^2.8.1",
        "typescript": "^4.7.4",
        "vite": "^6.4.1",
        "vitest": "^3.2.4",
        "webdriverio": "^9.21.0",
        "webpack": "^5.94.0"
      },
      "engines": {
        "node": ">=18.0.0"
      },
      "peerDependencies": {
        "@react-native-async-storage/async-storage": ">=1.0.0 <3.0.0",
        "@react-native-community/netinfo": ">=5.0.0 <12.0.0",
        "fast-text-encoding": "^1.0.6",
        "react-native-get-random-values": "^1.11.0",
        "ua-parser-js": "^1.0.38"
      },
      "peerDependenciesMeta": {
        "@react-native-async-storage/async-storage": {
          "optional": true
        },
        "@react-native-community/netinfo": {
          "optional": true
        },
        "fast-text-encoding": {
          "optional": true
        },
        "react-native-get-random-values": {
          "optional": true
        },
        "ua-parser-js": {
          "optional": true
        }
      }
    },
    "node_modules/@optimizely/optimizely-sdk": {
      "version": "6.3.0",
      "resolved": "file:../../optimizely-optimizely-sdk-6.3.0.tgz",
      "integrity": "sha512-p38sW+HR9lOeJPbsU7i6hILXFmXyPKmbU835PA0m8r713KFMN8N1ef7O2B6yod/JRdq6Aa/b8tGPbuvloRKyUg==",
      "license": "Apache-2.0",
      "dependencies": {
        "decompress-response": "^7.0.0",
        "json-schema": "^0.4.0",
        "murmurhash": "^2.0.1",
        "uuid": "^10.0.0"
      },
      "engines": {
        "node": ">=18.0.0"
      },
      "peerDependencies": {
        "@react-native-async-storage/async-storage": ">=1.0.0 <3.0.0",
        "@react-native-community/netinfo": ">=5.0.0 <12.0.0",
        "fast-text-encoding": "^1.0.6",
        "react-native-get-random-values": "^1.11.0",
        "ua-parser-js": "^1.0.38"
      },
      "peerDependenciesMeta": {
        "@react-native-async-storage/async-storage": {
          "optional": true
        },
        "@react-native-community/netinfo": {
          "optional": true
        },
        "fast-text-encoding": {
          "optional": true
        },
        "react-native-get-random-values": {
          "optional": true
        },
        "ua-parser-js": {
          "optional": true
        }
      }
    },
    "node_modules/@types/node": {
      "version": "20.19.28",
      "resolved": "https://registry.npmjs.org/@types/node/-/node-20.19.28.tgz",
      "integrity": "sha512-VyKBr25BuFDzBFCK5sUM6ZXiWfqgCTwTAOK8qzGV/m9FCirXYDlmczJ+d5dXBAQALGCdRRdbteKYfJ84NGEusw==",
      "dev": true,
      "license": "MIT",
      "dependencies": {
        "undici-types": "~6.21.0"
      }
    },
    "node_modules/decompress-response": {
      "version": "7.0.0",
      "resolved": "https://registry.npmjs.org/decompress-response/-/decompress-response-7.0.0.tgz",
      "integrity": "sha512-6IvPrADQyyPGLpMnUh6kfKiqy7SrbXbjoUuZ90WMBJKErzv2pCiwlGEXjRX9/54OnTq+XFVnkOnOMzclLI5aEA==",
      "license": "MIT",
      "dependencies": {
        "mimic-response": "^3.1.0"
      },
      "engines": {
        "node": ">=10"
      },
      "funding": {
        "url": "https://github.com/sponsors/sindresorhus"
      }
    },
    "node_modules/json-schema": {
      "version": "0.4.0",
      "resolved": "https://registry.npmjs.org/json-schema/-/json-schema-0.4.0.tgz",
      "integrity": "sha512-es94M3nTIfsEPisRafak+HDLfHXnKBhV3vU5eqPcS3flIWqcxJWgXHXiey3YrpaNsanY5ei1VoYEbOzijuq9BA==",
      "license": "(AFL-2.1 OR BSD-3-Clause)"
    },
    "node_modules/mimic-response": {
      "version": "3.1.0",
      "resolved": "https://registry.npmjs.org/mimic-response/-/mimic-response-3.1.0.tgz",
      "integrity": "sha512-z0yWI+4FDrrweS8Zmt4Ej5HdJmky15+L2e6Wgn3+iK5fWzb6T3fhNFq2+MeTRb064c6Wr4N/wv0DzQTjNzHNGQ==",
      "license": "MIT",
      "engines": {
        "node": ">=10"
      },
      "funding": {
        "url": "https://github.com/sponsors/sindresorhus"
      }
    },
    "node_modules/murmurhash": {
      "version": "2.0.1",
      "resolved": "https://registry.npmjs.org/murmurhash/-/murmurhash-2.0.1.tgz",
      "integrity": "sha512-5vQEh3y+DG/lMPM0mCGPDnyV8chYg/g7rl6v3Gd8WMF9S429ox3Xk8qrk174kWhG767KQMqqxLD1WnGd77hiew==",
      "license": "MIT"
    },
    "node_modules/typescript": {
      "version": "4.9.5",
      "resolved": "https://registry.npmjs.org/typescript/-/typescript-4.9.5.tgz",
      "integrity": "sha512-1FXk9E2Hm+QzZQ7z+McJiHL4NW1F2EzMu9Nq9i3zAaGqibafqYwCVU6WyWAuyQRRzOlxou8xZSyXLEN8oKj24g==",
      "dev": true,
      "license": "Apache-2.0",
      "bin": {
        "tsc": "bin/tsc",
        "tsserver": "bin/tsserver"
      },
      "engines": {
        "node": ">=4.2.0"
      }
    },
    "node_modules/undici-types": {
      "version": "6.21.0",
      "resolved": "https://registry.npmjs.org/undici-types/-/undici-types-6.21.0.tgz",
      "integrity": "sha512-iwDZqg0QAGrg9Rav5H4n0M64c3mkR59cJ6wQp+7C4nI0gsmExaedaYLNO44eT4AtBBwjbTiGPMlt2Md0T9H9JQ==",
      "dev": true,
      "license": "MIT"
    },
    "node_modules/uuid": {
      "version": "10.0.0",
      "resolved": "https://registry.npmjs.org/uuid/-/uuid-10.0.0.tgz",
      "integrity": "sha512-8XkAphELsDnEGrDxUOHB3RGvXz6TeuYSGEZBOjtTtPm2lwhGBjLgOzLHB63IUWfBpNucQjND6d3AOudO+H3RWQ==",
      "funding": [
        "https://github.com/sponsors/broofa",
        "https://github.com/sponsors/ctavan"
      ],
      "license": "MIT",
      "bin": {
        "uuid": "dist/bin/uuid"
      }
    }
  }
}
